
Microsoft Visual Studio Solution File, Format Version 12.00
# Visual Studio Version 17
VisualStudioVersion = 17.1.32228.430
MinimumVisualStudioVersion = 10.0.40219.1
Project("{FAE04EC0-301F-11D3-BF4B-00C04F79EFBC}") = "Learn", "Learn\Learn.csproj", "{308F3F83-37C9-4505-97F4-3F13FD4FBFF1}"
EndProject
Global
	GlobalSection(SolutionConfigurationPlatforms) = preSolution
		Debug|Any CPU = Debug|Any CPU
		Release|Any CPU = Release|Any CPU
	EndGlobalSection
	GlobalSection(ProjectConfigurationPlatforms) = postSolution
		{308F3F83-37C9-4505-97F4-3F13FD4FBFF1}.Debug|Any CPU.ActiveCfg = Debug|Any CPU
		{308F3F83-37C9-4505-97F4-3F13FD4FBFF1}.Debug|Any CPU.Build.0 = Debug|Any CPU
		{308F3F83-37C9-4505-97F4-3F13FD4FBFF1}.Release|Any CPU.ActiveCfg = Release|Any CPU
		{308F3F83-37C9-4505-97F4-3F13FD4FBFF1}.Release|Any CPU.Build.0 = Release|Any CPU
	EndGlobalSection
	GlobalSection(SolutionProperties) = preSolution
		HideSolutionNode = FALSE
	EndGlobalSection
	GlobalSection(ExtensibilityGlobals) = postSolution
		SolutionGuid = {205E8EA9-EBD0-416E-BF44-484A12DD6F50}
	EndGlobalSection
EndGlobal
